
Microsoft Visual Studio Solution File, Format Version 12.00
# Visual Studio 15
VisualStudioVersion = 15.0.27428.2037
MinimumVisualStudioVersion = 10.0.40219.1
Project("{9A19103F-16F7-4668-BE54-9A1E7A4F7556}") = "ConsoleLibrary", "ConsoleLibrary\ConsoleLibrary.csproj", "{2BABC39C-045C-4325-BDF6-0428C0BFF379}"
EndProject
Project("{FAE04EC0-301F-11D3-BF4B-00C04F79EFBC}") = "DataLibrary", "DataLibrary\DataLibrary.csproj", "{5095D65B-EABC-43CF-8EB4-1744A8758EB5}"
EndProject
Global
	GlobalSection(SolutionConfigurationPlatforms) = preSolution
		Debug|Any CPU = Debug|Any CPU
		Release|Any CPU = Release|Any CPU
	EndGlobalSection
	GlobalSection(ProjectConfigurationPlatforms) = postSolution
		{2BABC39C-045C-4325-BDF6-0428C0BFF379}.Debug|Any CPU.ActiveCfg = Debug|Any CPU
		{2BABC39C-045C-4325-BDF6-0428C0BFF379}.Debug|Any CPU.Build.0 = Debug|Any CPU
		{2BABC39C-045C-4325-BDF6-0428C0BFF379}.Release|Any CPU.ActiveCfg = Release|Any CPU
		{2BABC39C-045C-4325-BDF6-0428C0BFF379}.Release|Any CPU.Build.0 = Release|Any CPU
		{5095D65B-EABC-43CF-8EB4-1744A8758EB5}.Debug|Any CPU.ActiveCfg = Debug|Any CPU
		{5095D65B-EABC-43CF-8EB4-1744A8758EB5}.Debug|Any CPU.Build.0 = Debug|Any CPU
		{5095D65B-EABC-43CF-8EB4-1744A8758EB5}.Release|Any CPU.ActiveCfg = Release|Any CPU
		{5095D65B-EABC-43CF-8EB4-1744A8758EB5}.Release|Any CPU.Build.0 = Release|Any CPU
	EndGlobalSection
	GlobalSection(SolutionProperties) = preSolution
		HideSolutionNode = FALSE
	EndGlobalSection
	GlobalSection(ExtensibilityGlobals) = postSolution
		SolutionGuid = {C6856625-1DF5-4726-BD80-232ACC83743E}
	EndGlobalSection
EndGlobal
